
Microsoft Visual Studio Solution File, Format Version 12.00
# Visual Studio 15
VisualStudioVersion = 15.0.27520.0
MinimumVisualStudioVersion = 10.0.40219.1
Project("{FAE04EC0-301F-11D3-BF4B-00C04F79EFBC}") = "UWPWeatherService", "UWPWeatherService\UWPWeatherService.csproj", "{893C479B-3F1E-41F1-A3BF-14EF82065FA1}"
EndProject
Global
	GlobalSection(SolutionConfigurationPlatforms) = preSolution
		Debug|Any CPU = Debug|Any CPU
		Release|Any CPU = Release|Any CPU
	EndGlobalSection
	GlobalSection(ProjectConfigurationPlatforms) = postSolution
		{893C479B-3F1E-41F1-A3BF-14EF82065FA1}.Debug|Any CPU.ActiveCfg = Debug|Any CPU
		{893C479B-3F1E-41F1-A3BF-14EF82065FA1}.Debug|Any CPU.Build.0 = Debug|Any CPU
		{893C479B-3F1E-41F1-A3BF-14EF82065FA1}.Release|Any CPU.ActiveCfg = Release|Any CPU
		{893C479B-3F1E-41F1-A3BF-14EF82065FA1}.Release|Any CPU.Build.0 = Release|Any CPU
	EndGlobalSection
	GlobalSection(SolutionProperties) = preSolution
		HideSolutionNode = FALSE
	EndGlobalSection
	GlobalSection(ExtensibilityGlobals) = postSolution
		SolutionGuid = {05A418D7-8FB0-42CA-B7AF-0FE66050C67F}
	EndGlobalSection
EndGlobal
